
Microsoft Visual Studio Solution File, Format Version 12.00
# Visual Studio 2012
Project("{FAE04EC0-301F-11D3-BF4B-00C04F79EFBC}") = "EventsDemo", "EventsDemo\EventsDemo.csproj", "{A065A418-1339-4E79-A28D-77AD5159223A}"
EndProject
Project("{FAE04EC0-301F-11D3-BF4B-00C04F79EFBC}") = "EventsDemo.Tests", "EventsDemo.Tests\EventsDemo.Tests.csproj", "{201B8473-13D6-4E75-ADA6-6C9A2A879663}"
EndProject
Global
	GlobalSection(SolutionConfigurationPlatforms) = preSolution
		Debug|Any CPU = Debug|Any CPU
		Release|Any CPU = Release|Any CPU
	EndGlobalSection
	GlobalSection(ProjectConfigurationPlatforms) = postSolution
		{A065A418-1339-4E79-A28D-77AD5159223A}.Debug|Any CPU.ActiveCfg = Debug|Any CPU
		{A065A418-1339-4E79-A28D-77AD5159223A}.Debug|Any CPU.Build.0 = Debug|Any CPU
		{A065A418-1339-4E79-A28D-77AD5159223A}.Release|Any CPU.ActiveCfg = Release|Any CPU
		{A065A418-1339-4E79-A28D-77AD5159223A}.Release|Any CPU.Build.0 = Release|Any CPU
		{201B8473-13D6-4E75-ADA6-6C9A2A879663}.Debug|Any CPU.ActiveCfg = Debug|Any CPU
		{201B8473-13D6-4E75-ADA6-6C9A2A879663}.Debug|Any CPU.Build.0 = Debug|Any CPU
		{201B8473-13D6-4E75-ADA6-6C9A2A879663}.Release|Any CPU.ActiveCfg = Release|Any CPU
		{201B8473-13D6-4E75-ADA6-6C9A2A879663}.Release|Any CPU.Build.0 = Release|Any CPU
	EndGlobalSection
	GlobalSection(SolutionProperties) = preSolution
		HideSolutionNode = FALSE
	EndGlobalSection
EndGlobal
